
Microsoft Visual Studio Solution File, Format Version 12.00
# Visual Studio 15
VisualStudioVersion = 15.0.27428.2037
MinimumVisualStudioVersion = 10.0.40219.1
Project("{778DAE3C-4631-46EA-AA77-85C1314464D9}") = "ClassLibrary1", "ClassLibrary1.vbproj", "{D8B8E80F-594F-4A8E-B3B9-4E303B7AA2B2}"
EndProject
Global
	GlobalSection(SolutionConfigurationPlatforms) = preSolution
		Debug|Any CPU = Debug|Any CPU
		Release|Any CPU = Release|Any CPU
	EndGlobalSection
	GlobalSection(ProjectConfigurationPlatforms) = postSolution
		{D8B8E80F-594F-4A8E-B3B9-4E303B7AA2B2}.Debug|Any CPU.ActiveCfg = Debug|Any CPU
		{D8B8E80F-594F-4A8E-B3B9-4E303B7AA2B2}.Debug|Any CPU.Build.0 = Debug|Any CPU
		{D8B8E80F-594F-4A8E-B3B9-4E303B7AA2B2}.Release|Any CPU.ActiveCfg = Release|Any CPU
		{D8B8E80F-594F-4A8E-B3B9-4E303B7AA2B2}.Release|Any CPU.Build.0 = Release|Any CPU
	EndGlobalSection
	GlobalSection(SolutionProperties) = preSolution
		HideSolutionNode = FALSE
	EndGlobalSection
	GlobalSection(ExtensibilityGlobals) = postSolution
		SolutionGuid = {3C800CF2-2395-46CF-8F00-7895CDBF21EE}
	EndGlobalSection
EndGlobal
